
Microsoft Visual Studio Solution File, Format Version 12.00
# Visual Studio Version 16
VisualStudioVersion = 16.0.33920.266
MinimumVisualStudioVersion = 10.0.40219.1
Project("{9A19103F-16F7-4668-BE54-9A1E7A4F7556}") = "MVC.Example.UserInterface", "MVC.Example.UI\MVC.Example.UserInterface.csproj", "{6F7EA0CB-C435-4617-8AA7-B9B1DBCC0C8E}"
EndProject
Project("{FAE04EC0-301F-11D3-BF4B-00C04F79EFBC}") = "MVC.Example.EntityLayer", "MVC.Example.EntityLayer\MVC.Example.EntityLayer.csproj", "{E5013975-850C-49E9-8466-338A6A7EF4B3}"
EndProject
Project("{FAE04EC0-301F-11D3-BF4B-00C04F79EFBC}") = "MVC.Example.DataAccessLayer", "MVC.Example.DataAccessLayer\MVC.Example.DataAccessLayer.csproj", "{9952DDED-8608-44B6-8E73-A578FD198F51}"
EndProject
Project("{FAE04EC0-301F-11D3-BF4B-00C04F79EFBC}") = "MVC.Example.BusinessLayer", "MVC.Example.BusinessLayer\MVC.Example.BusinessLayer.csproj", "{F0FF6060-57CF-4EC0-95CF-9374A3982B50}"
EndProject
Project("{FAE04EC0-301F-11D3-BF4B-00C04F79EFBC}") = "MVC.Example.Core", "MVC.Example.Core\MVC.Example.Core.csproj", "{5ABE8AD2-AA16-4FF2-9732-DA674073CFEC}"
EndProject
Global
	GlobalSection(SolutionConfigurationPlatforms) = preSolution
		Debug|Any CPU = Debug|Any CPU
		Release|Any CPU = Release|Any CPU
	EndGlobalSection
	GlobalSection(ProjectConfigurationPlatforms) = postSolution
		{6F7EA0CB-C435-4617-8AA7-B9B1DBCC0C8E}.Debug|Any CPU.ActiveCfg = Debug|Any CPU
		{6F7EA0CB-C435-4617-8AA7-B9B1DBCC0C8E}.Debug|Any CPU.Build.0 = Debug|Any CPU
		{6F7EA0CB-C435-4617-8AA7-B9B1DBCC0C8E}.Release|Any CPU.ActiveCfg = Release|Any CPU
		{6F7EA0CB-C435-4617-8AA7-B9B1DBCC0C8E}.Release|Any CPU.Build.0 = Release|Any CPU
		{E5013975-850C-49E9-8466-338A6A7EF4B3}.Debug|Any CPU.ActiveCfg = Debug|Any CPU
		{E5013975-850C-49E9-8466-338A6A7EF4B3}.Debug|Any CPU.Build.0 = Debug|Any CPU
		{E5013975-850C-49E9-8466-338A6A7EF4B3}.Release|Any CPU.ActiveCfg = Release|Any CPU
		{E5013975-850C-49E9-8466-338A6A7EF4B3}.Release|Any CPU.Build.0 = Release|Any CPU
		{9952DDED-8608-44B6-8E73-A578FD198F51}.Debug|Any CPU.ActiveCfg = Debug|Any CPU
		{9952DDED-8608-44B6-8E73-A578FD198F51}.Debug|Any CPU.Build.0 = Debug|Any CPU
		{9952DDED-8608-44B6-8E73-A578FD198F51}.Release|Any CPU.ActiveCfg = Release|Any CPU
		{9952DDED-8608-44B6-8E73-A578FD198F51}.Release|Any CPU.Build.0 = Release|Any CPU
		{F0FF6060-57CF-4EC0-95CF-9374A3982B50}.Debug|Any CPU.ActiveCfg = Debug|Any CPU
		{F0FF6060-57CF-4EC0-95CF-9374A3982B50}.Debug|Any CPU.Build.0 = Debug|Any CPU
		{F0FF6060-57CF-4EC0-95CF-9374A3982B50}.Release|Any CPU.ActiveCfg = Release|Any CPU
		{F0FF6060-57CF-4EC0-95CF-9374A3982B50}.Release|Any CPU.Build.0 = Release|Any CPU
		{5ABE8AD2-AA16-4FF2-9732-DA674073CFEC}.Debug|Any CPU.ActiveCfg = Debug|Any CPU
		{5ABE8AD2-AA16-4FF2-9732-DA674073CFEC}.Debug|Any CPU.Build.0 = Debug|Any CPU
		{5ABE8AD2-AA16-4FF2-9732-DA674073CFEC}.Release|Any CPU.ActiveCfg = Release|Any CPU
		{5ABE8AD2-AA16-4FF2-9732-DA674073CFEC}.Release|Any CPU.Build.0 = Release|Any CPU
	EndGlobalSection
	GlobalSection(SolutionProperties) = preSolution
		HideSolutionNode = FALSE
	EndGlobalSection
	GlobalSection(ExtensibilityGlobals) = postSolution
		SolutionGuid = {63D0FF58-7291-49C5-A40A-E6528E17EDC4}
	EndGlobalSection
EndGlobal
